
Microsoft Visual Studio Solution File, Format Version 12.00
# Visual Studio 2012
Project("{FAE04EC0-301F-11D3-BF4B-00C04F79EFBC}") = "DALSqlite", "DALSqlite\DALSqlite.csproj", "{851DB74E-3405-46A7-A453-6BA996A4ED22}"
EndProject
Project("{FAE04EC0-301F-11D3-BF4B-00C04F79EFBC}") = "IDAL", "IDAL\IDAL.csproj", "{28D0CEE3-B386-4529-ACCF-681EBA767F86}"
EndProject
Project("{FAE04EC0-301F-11D3-BF4B-00C04F79EFBC}") = "DALFactory", "DALFactory\DALFactory.csproj", "{9704F1C3-04C0-47EE-A6E9-4C278D3C6F91}"
EndProject
Project("{FAE04EC0-301F-11D3-BF4B-00C04F79EFBC}") = "BusinessModel", "BusinessModel\BusinessModel.csproj", "{54A8F00E-751D-4476-96D3-14AE42CA6570}"
EndProject
Project("{FAE04EC0-301F-11D3-BF4B-00C04F79EFBC}") = "BusinessRepository", "BusinessRepository\BusinessRepository.csproj", "{7DEA791A-95C8-43CA-8FD2-070EAA69D59D}"
EndProject
Project("{FAE04EC0-301F-11D3-BF4B-00C04F79EFBC}") = "Service", "Service\Service.csproj", "{3DE7B9BE-CA81-40BC-957D-0E8D8243623C}"
EndProject
Project("{FAE04EC0-301F-11D3-BF4B-00C04F79EFBC}") = "CarsInfoWinForm", "CarsInfoWinForm\CarsInfoWinForm.csproj", "{0F1E32B4-5FFB-4C9C-B472-5E23DB1E7E20}"
EndProject
Project("{2150E333-8FDC-42A3-9474-1A3956D46DE8}") = "UI", "UI", "{1B371B19-BA29-4678-8DC2-5A64A6E758BF}"
EndProject
Project("{2150E333-8FDC-42A3-9474-1A3956D46DE8}") = "BLL", "BLL", "{D0A7C441-77E3-4F73-9BF2-D64CD3727A48}"
EndProject
Project("{2150E333-8FDC-42A3-9474-1A3956D46DE8}") = "DAL", "DAL", "{95D3FCDA-B5AD-42FD-A5A6-F012681C15B1}"
EndProject
Project("{2150E333-8FDC-42A3-9474-1A3956D46DE8}") = "Service", "Service", "{60F25335-F91E-40D9-AAB5-AE52839C632F}"
EndProject
Project("{FAE04EC0-301F-11D3-BF4B-00C04F79EFBC}") = "BusinessInfrastructure", "BusinessInfrastructure\BusinessInfrastructure.csproj", "{FB08FD0D-9482-4399-BEE1-205F08E3AC47}"
EndProject
Project("{FAE04EC0-301F-11D3-BF4B-00C04F79EFBC}") = "HTMLParser", "HTMLParser\HTMLParser.csproj", "{4AA08C9D-1DCC-4464-BBC3-D5A19161A327}"
EndProject
Project("{FAE04EC0-301F-11D3-BF4B-00C04F79EFBC}") = "BusinessInfrastructure.Test", "BusinessInfrastructure.Test\BusinessInfrastructure.Test.csproj", "{C6E58301-9D57-4C03-BDAC-4286EC4C8F4F}"
EndProject
Project("{FAE04EC0-301F-11D3-BF4B-00C04F79EFBC}") = "BusinessModel.Test", "BusinessModel.Test\BusinessModel.Test.csproj", "{DAC7D002-E29E-486D-BD48-399977BDD021}"
EndProject
Project("{FAE04EC0-301F-11D3-BF4B-00C04F79EFBC}") = "DataModel", "DataModel\DataModel.csproj", "{7640AA64-B141-4E62-A06D-1514F24D4922}"
EndProject
Project("{FAE04EC0-301F-11D3-BF4B-00C04F79EFBC}") = "BusinessRepository.Test", "BusinessRepositor.Test\BusinessRepository.Test.csproj", "{834B8350-1CBF-4412-9066-8E1AE619F215}"
EndProject
Project("{FAE04EC0-301F-11D3-BF4B-00C04F79EFBC}") = "DBImport", "DBImport\DBImport.csproj", "{F45CB1C2-B020-4234-8836-87B34F3071A3}"
EndProject
Global
	GlobalSection(SolutionConfigurationPlatforms) = preSolution
		Debug|Any CPU = Debug|Any CPU
		Debug|Mixed Platforms = Debug|Mixed Platforms
		Debug|x86 = Debug|x86
		Release|Any CPU = Release|Any CPU
		Release|Mixed Platforms = Release|Mixed Platforms
		Release|x86 = Release|x86
	EndGlobalSection
	GlobalSection(ProjectConfigurationPlatforms) = postSolution
		{851DB74E-3405-46A7-A453-6BA996A4ED22}.Debug|Any CPU.ActiveCfg = Debug|Any CPU
		{851DB74E-3405-46A7-A453-6BA996A4ED22}.Debug|Any CPU.Build.0 = Debug|Any CPU
		{851DB74E-3405-46A7-A453-6BA996A4ED22}.Debug|Mixed Platforms.ActiveCfg = Debug|Any CPU
		{851DB74E-3405-46A7-A453-6BA996A4ED22}.Debug|Mixed Platforms.Build.0 = Debug|Any CPU
		{851DB74E-3405-46A7-A453-6BA996A4ED22}.Debug|x86.ActiveCfg = Debug|Any CPU
		{851DB74E-3405-46A7-A453-6BA996A4ED22}.Release|Any CPU.ActiveCfg = Release|Any CPU
		{851DB74E-3405-46A7-A453-6BA996A4ED22}.Release|Any CPU.Build.0 = Release|Any CPU
		{851DB74E-3405-46A7-A453-6BA996A4ED22}.Release|Mixed Platforms.ActiveCfg = Release|Any CPU
		{851DB74E-3405-46A7-A453-6BA996A4ED22}.Release|Mixed Platforms.Build.0 = Release|Any CPU
		{851DB74E-3405-46A7-A453-6BA996A4ED22}.Release|x86.ActiveCfg = Release|Any CPU
		{28D0CEE3-B386-4529-ACCF-681EBA767F86}.Debug|Any CPU.ActiveCfg = Debug|Any CPU
		{28D0CEE3-B386-4529-ACCF-681EBA767F86}.Debug|Any CPU.Build.0 = Debug|Any CPU
		{28D0CEE3-B386-4529-ACCF-681EBA767F86}.Debug|Mixed Platforms.ActiveCfg = Debug|Any CPU
		{28D0CEE3-B386-4529-ACCF-681EBA767F86}.Debug|Mixed Platforms.Build.0 = Debug|Any CPU
		{28D0CEE3-B386-4529-ACCF-681EBA767F86}.Debug|x86.ActiveCfg = Debug|Any CPU
		{28D0CEE3-B386-4529-ACCF-681EBA767F86}.Release|Any CPU.ActiveCfg = Release|Any CPU
		{28D0CEE3-B386-4529-ACCF-681EBA767F86}.Release|Any CPU.Build.0 = Release|Any CPU
		{28D0CEE3-B386-4529-ACCF-681EBA767F86}.Release|Mixed Platforms.ActiveCfg = Release|Any CPU
		{28D0CEE3-B386-4529-ACCF-681EBA767F86}.Release|Mixed Platforms.Build.0 = Release|Any CPU
		{28D0CEE3-B386-4529-ACCF-681EBA767F86}.Release|x86.ActiveCfg = Release|Any CPU
		{9704F1C3-04C0-47EE-A6E9-4C278D3C6F91}.Debug|Any CPU.ActiveCfg = Debug|Any CPU
		{9704F1C3-04C0-47EE-A6E9-4C278D3C6F91}.Debug|Any CPU.Build.0 = Debug|Any CPU
		{9704F1C3-04C0-47EE-A6E9-4C278D3C6F91}.Debug|Mixed Platforms.ActiveCfg = Debug|Any CPU
		{9704F1C3-04C0-47EE-A6E9-4C278D3C6F91}.Debug|Mixed Platforms.Build.0 = Debug|Any CPU
		{9704F1C3-04C0-47EE-A6E9-4C278D3C6F91}.Debug|x86.ActiveCfg = Debug|Any CPU
		{9704F1C3-04C0-47EE-A6E9-4C278D3C6F91}.Release|Any CPU.ActiveCfg = Release|Any CPU
		{9704F1C3-04C0-47EE-A6E9-4C278D3C6F91}.Release|Any CPU.Build.0 = Release|Any CPU
		{9704F1C3-04C0-47EE-A6E9-4C278D3C6F91}.Release|Mixed Platforms.ActiveCfg = Release|Any CPU
		{9704F1C3-04C0-47EE-A6E9-4C278D3C6F91}.Release|Mixed Platforms.Build.0 = Release|Any CPU
		{9704F1C3-04C0-47EE-A6E9-4C278D3C6F91}.Release|x86.ActiveCfg = Release|Any CPU
		{54A8F00E-751D-4476-96D3-14AE42CA6570}.Debug|Any CPU.ActiveCfg = Debug|Any CPU
		{54A8F00E-751D-4476-96D3-14AE42CA6570}.Debug|Any CPU.Build.0 = Debug|Any CPU
		{54A8F00E-751D-4476-96D3-14AE42CA6570}.Debug|Mixed Platforms.ActiveCfg = Debug|Any CPU
		{54A8F00E-751D-4476-96D3-14AE42CA6570}.Debug|Mixed Platforms.Build.0 = Debug|Any CPU
		{54A8F00E-751D-4476-96D3-14AE42CA6570}.Debug|x86.ActiveCfg = Debug|Any CPU
		{54A8F00E-751D-4476-96D3-14AE42CA6570}.Release|Any CPU.ActiveCfg = Release|Any CPU
		{54A8F00E-751D-4476-96D3-14AE42CA6570}.Release|Any CPU.Build.0 = Release|Any CPU
		{54A8F00E-751D-4476-96D3-14AE42CA6570}.Release|Mixed Platforms.ActiveCfg = Release|Any CPU
		{54A8F00E-751D-4476-96D3-14AE42CA6570}.Release|Mixed Platforms.Build.0 = Release|Any CPU
		{54A8F00E-751D-4476-96D3-14AE42CA6570}.Release|x86.ActiveCfg = Release|Any CPU
		{7DEA791A-95C8-43CA-8FD2-070EAA69D59D}.Debug|Any CPU.ActiveCfg = Debug|Any CPU
		{7DEA791A-95C8-43CA-8FD2-070EAA69D59D}.Debug|Any CPU.Build.0 = Debug|Any CPU
		{7DEA791A-95C8-43CA-8FD2-070EAA69D59D}.Debug|Mixed Platforms.ActiveCfg = Debug|Any CPU
		{7DEA791A-95C8-43CA-8FD2-070EAA69D59D}.Debug|Mixed Platforms.Build.0 = Debug|Any CPU
		{7DEA791A-95C8-43CA-8FD2-070EAA69D59D}.Debug|x86.ActiveCfg = Debug|Any CPU
		{7DEA791A-95C8-43CA-8FD2-070EAA69D59D}.Release|Any CPU.ActiveCfg = Release|Any CPU
		{7DEA791A-95C8-43CA-8FD2-070EAA69D59D}.Release|Any CPU.Build.0 = Release|Any CPU
		{7DEA791A-95C8-43CA-8FD2-070EAA69D59D}.Release|Mixed Platforms.ActiveCfg = Release|Any CPU
		{7DEA791A-95C8-43CA-8FD2-070EAA69D59D}.Release|Mixed Platforms.Build.0 = Release|Any CPU
		{7DEA791A-95C8-43CA-8FD2-070EAA69D59D}.Release|x86.ActiveCfg = Release|Any CPU
		{3DE7B9BE-CA81-40BC-957D-0E8D8243623C}.Debug|Any CPU.ActiveCfg = Debug|Any CPU
		{3DE7B9BE-CA81-40BC-957D-0E8D8243623C}.Debug|Any CPU.Build.0 = Debug|Any CPU
		{3DE7B9BE-CA81-40BC-957D-0E8D8243623C}.Debug|Mixed Platforms.ActiveCfg = Debug|Any CPU
		{3DE7B9BE-CA81-40BC-957D-0E8D8243623C}.Debug|Mixed Platforms.Build.0 = Debug|Any CPU
		{3DE7B9BE-CA81-40BC-957D-0E8D8243623C}.Debug|x86.ActiveCfg = Debug|Any CPU
		{3DE7B9BE-CA81-40BC-957D-0E8D8243623C}.Release|Any CPU.ActiveCfg = Release|Any CPU
		{3DE7B9BE-CA81-40BC-957D-0E8D8243623C}.Release|Any CPU.Build.0 = Release|Any CPU
		{3DE7B9BE-CA81-40BC-957D-0E8D8243623C}.Release|Mixed Platforms.ActiveCfg = Release|Any CPU
		{3DE7B9BE-CA81-40BC-957D-0E8D8243623C}.Release|Mixed Platforms.Build.0 = Release|Any CPU
		{3DE7B9BE-CA81-40BC-957D-0E8D8243623C}.Release|x86.ActiveCfg = Release|Any CPU
		{0F1E32B4-5FFB-4C9C-B472-5E23DB1E7E20}.Debug|Any CPU.ActiveCfg = Debug|x86
		{0F1E32B4-5FFB-4C9C-B472-5E23DB1E7E20}.Debug|Mixed Platforms.ActiveCfg = Debug|x86
		{0F1E32B4-5FFB-4C9C-B472-5E23DB1E7E20}.Debug|Mixed Platforms.Build.0 = Debug|x86
		{0F1E32B4-5FFB-4C9C-B472-5E23DB1E7E20}.Debug|x86.ActiveCfg = Debug|x86
		{0F1E32B4-5FFB-4C9C-B472-5E23DB1E7E20}.Debug|x86.Build.0 = Debug|x86
		{0F1E32B4-5FFB-4C9C-B472-5E23DB1E7E20}.Release|Any CPU.ActiveCfg = Release|x86
		{0F1E32B4-5FFB-4C9C-B472-5E23DB1E7E20}.Release|Mixed Platforms.ActiveCfg = Release|x86
		{0F1E32B4-5FFB-4C9C-B472-5E23DB1E7E20}.Release|Mixed Platforms.Build.0 = Release|x86
		{0F1E32B4-5FFB-4C9C-B472-5E23DB1E7E20}.Release|x86.ActiveCfg = Release|x86
		{0F1E32B4-5FFB-4C9C-B472-5E23DB1E7E20}.Release|x86.Build.0 = Release|x86
		{FB08FD0D-9482-4399-BEE1-205F08E3AC47}.Debug|Any CPU.ActiveCfg = Debug|Any CPU
		{FB08FD0D-9482-4399-BEE1-205F08E3AC47}.Debug|Any CPU.Build.0 = Debug|Any CPU
		{FB08FD0D-9482-4399-BEE1-205F08E3AC47}.Debug|Mixed Platforms.ActiveCfg = Debug|Any CPU
		{FB08FD0D-9482-4399-BEE1-205F08E3AC47}.Debug|Mixed Platforms.Build.0 = Debug|Any CPU
		{FB08FD0D-9482-4399-BEE1-205F08E3AC47}.Debug|x86.ActiveCfg = Debug|Any CPU
		{FB08FD0D-9482-4399-BEE1-205F08E3AC47}.Release|Any CPU.ActiveCfg = Release|Any CPU
		{FB08FD0D-9482-4399-BEE1-205F08E3AC47}.Release|Any CPU.Build.0 = Release|Any CPU
		{FB08FD0D-9482-4399-BEE1-205F08E3AC47}.Release|Mixed Platforms.ActiveCfg = Release|Any CPU
		{FB08FD0D-9482-4399-BEE1-205F08E3AC47}.Release|Mixed Platforms.Build.0 = Release|Any CPU
		{FB08FD0D-9482-4399-BEE1-205F08E3AC47}.Release|x86.ActiveCfg = Release|Any CPU
		{4AA08C9D-1DCC-4464-BBC3-D5A19161A327}.Debug|Any CPU.ActiveCfg = Debug|Any CPU
		{4AA08C9D-1DCC-4464-BBC3-D5A19161A327}.Debug|Any CPU.Build.0 = Debug|Any CPU
		{4AA08C9D-1DCC-4464-BBC3-D5A19161A327}.Debug|Mixed Platforms.ActiveCfg = Debug|Any CPU
		{4AA08C9D-1DCC-4464-BBC3-D5A19161A327}.Debug|Mixed Platforms.Build.0 = Debug|Any CPU
		{4AA08C9D-1DCC-4464-BBC3-D5A19161A327}.Debug|x86.ActiveCfg = Debug|Any CPU
		{4AA08C9D-1DCC-4464-BBC3-D5A19161A327}.Release|Any CPU.ActiveCfg = Release|Any CPU
		{4AA08C9D-1DCC-4464-BBC3-D5A19161A327}.Release|Any CPU.Build.0 = Release|Any CPU
		{4AA08C9D-1DCC-4464-BBC3-D5A19161A327}.Release|Mixed Platforms.ActiveCfg = Release|Any CPU
		{4AA08C9D-1DCC-4464-BBC3-D5A19161A327}.Release|Mixed Platforms.Build.0 = Release|Any CPU
		{4AA08C9D-1DCC-4464-BBC3-D5A19161A327}.Release|x86.ActiveCfg = Release|Any CPU
		{C6E58301-9D57-4C03-BDAC-4286EC4C8F4F}.Debug|Any CPU.ActiveCfg = Debug|Any CPU
		{C6E58301-9D57-4C03-BDAC-4286EC4C8F4F}.Debug|Any CPU.Build.0 = Debug|Any CPU
		{C6E58301-9D57-4C03-BDAC-4286EC4C8F4F}.Debug|Mixed Platforms.ActiveCfg = Debug|Any CPU
		{C6E58301-9D57-4C03-BDAC-4286EC4C8F4F}.Debug|Mixed Platforms.Build.0 = Debug|Any CPU
		{C6E58301-9D57-4C03-BDAC-4286EC4C8F4F}.Debug|x86.ActiveCfg = Debug|Any CPU
		{C6E58301-9D57-4C03-BDAC-4286EC4C8F4F}.Release|Any CPU.ActiveCfg = Release|Any CPU
		{C6E58301-9D57-4C03-BDAC-4286EC4C8F4F}.Release|Any CPU.Build.0 = Release|Any CPU
		{C6E58301-9D57-4C03-BDAC-4286EC4C8F4F}.Release|Mixed Platforms.ActiveCfg = Release|Any CPU
		{C6E58301-9D57-4C03-BDAC-4286EC4C8F4F}.Release|Mixed Platforms.Build.0 = Release|Any CPU
		{C6E58301-9D57-4C03-BDAC-4286EC4C8F4F}.Release|x86.ActiveCfg = Release|Any CPU
		{DAC7D002-E29E-486D-BD48-399977BDD021}.Debug|Any CPU.ActiveCfg = Debug|Any CPU
		{DAC7D002-E29E-486D-BD48-399977BDD021}.Debug|Any CPU.Build.0 = Debug|Any CPU
		{DAC7D002-E29E-486D-BD48-399977BDD021}.Debug|Mixed Platforms.ActiveCfg = Debug|Any CPU
		{DAC7D002-E29E-486D-BD48-399977BDD021}.Debug|Mixed Platforms.Build.0 = Debug|Any CPU
		{DAC7D002-E29E-486D-BD48-399977BDD021}.Debug|x86.ActiveCfg = Debug|Any CPU
		{DAC7D002-E29E-486D-BD48-399977BDD021}.Release|Any CPU.ActiveCfg = Release|Any CPU
		{DAC7D002-E29E-486D-BD48-399977BDD021}.Release|Any CPU.Build.0 = Release|Any CPU
		{DAC7D002-E29E-486D-BD48-399977BDD021}.Release|Mixed Platforms.ActiveCfg = Release|Any CPU
		{DAC7D002-E29E-486D-BD48-399977BDD021}.Release|Mixed Platforms.Build.0 = Release|Any CPU
		{DAC7D002-E29E-486D-BD48-399977BDD021}.Release|x86.ActiveCfg = Release|Any CPU
		{7640AA64-B141-4E62-A06D-1514F24D4922}.Debug|Any CPU.ActiveCfg = Debug|Any CPU
		{7640AA64-B141-4E62-A06D-1514F24D4922}.Debug|Any CPU.Build.0 = Debug|Any CPU
		{7640AA64-B141-4E62-A06D-1514F24D4922}.Debug|Mixed Platforms.ActiveCfg = Debug|Any CPU
		{7640AA64-B141-4E62-A06D-1514F24D4922}.Debug|Mixed Platforms.Build.0 = Debug|Any CPU
		{7640AA64-B141-4E62-A06D-1514F24D4922}.Debug|x86.ActiveCfg = Debug|Any CPU
		{7640AA64-B141-4E62-A06D-1514F24D4922}.Release|Any CPU.ActiveCfg = Release|Any CPU
		{7640AA64-B141-4E62-A06D-1514F24D4922}.Release|Any CPU.Build.0 = Release|Any CPU
		{7640AA64-B141-4E62-A06D-1514F24D4922}.Release|Mixed Platforms.ActiveCfg = Release|Any CPU
		{7640AA64-B141-4E62-A06D-1514F24D4922}.Release|Mixed Platforms.Build.0 = Release|Any CPU
		{7640AA64-B141-4E62-A06D-1514F24D4922}.Release|x86.ActiveCfg = Release|Any CPU
		{834B8350-1CBF-4412-9066-8E1AE619F215}.Debug|Any CPU.ActiveCfg = Debug|Any CPU
		{834B8350-1CBF-4412-9066-8E1AE619F215}.Debug|Any CPU.Build.0 = Debug|Any CPU
		{834B8350-1CBF-4412-9066-8E1AE619F215}.Debug|Mixed Platforms.ActiveCfg = Debug|Any CPU
		{834B8350-1CBF-4412-9066-8E1AE619F215}.Debug|Mixed Platforms.Build.0 = Debug|Any CPU
		{834B8350-1CBF-4412-9066-8E1AE619F215}.Debug|x86.ActiveCfg = Debug|Any CPU
		{834B8350-1CBF-4412-9066-8E1AE619F215}.Release|Any CPU.ActiveCfg = Release|Any CPU
		{834B8350-1CBF-4412-9066-8E1AE619F215}.Release|Any CPU.Build.0 = Release|Any CPU
		{834B8350-1CBF-4412-9066-8E1AE619F215}.Release|Mixed Platforms.ActiveCfg = Release|Any CPU
		{834B8350-1CBF-4412-9066-8E1AE619F215}.Release|Mixed Platforms.Build.0 = Release|Any CPU
		{834B8350-1CBF-4412-9066-8E1AE619F215}.Release|x86.ActiveCfg = Release|Any CPU
		{F45CB1C2-B020-4234-8836-87B34F3071A3}.Debug|Any CPU.ActiveCfg = Debug|Any CPU
		{F45CB1C2-B020-4234-8836-87B34F3071A3}.Debug|Any CPU.Build.0 = Debug|Any CPU
		{F45CB1C2-B020-4234-8836-87B34F3071A3}.Debug|Mixed Platforms.ActiveCfg = Debug|Any CPU
		{F45CB1C2-B020-4234-8836-87B34F3071A3}.Debug|Mixed Platforms.Build.0 = Debug|Any CPU
		{F45CB1C2-B020-4234-8836-87B34F3071A3}.Debug|x86.ActiveCfg = Debug|Any CPU
		{F45CB1C2-B020-4234-8836-87B34F3071A3}.Release|Any CPU.ActiveCfg = Release|Any CPU
		{F45CB1C2-B020-4234-8836-87B34F3071A3}.Release|Any CPU.Build.0 = Release|Any CPU
		{F45CB1C2-B020-4234-8836-87B34F3071A3}.Release|Mixed Platforms.ActiveCfg = Release|Any CPU
		{F45CB1C2-B020-4234-8836-87B34F3071A3}.Release|Mixed Platforms.Build.0 = Release|Any CPU
		{F45CB1C2-B020-4234-8836-87B34F3071A3}.Release|x86.ActiveCfg = Release|Any CPU
	EndGlobalSection
	GlobalSection(SolutionProperties) = preSolution
		HideSolutionNode = FALSE
	EndGlobalSection
	GlobalSection(NestedProjects) = preSolution
		{28D0CEE3-B386-4529-ACCF-681EBA767F86} = {95D3FCDA-B5AD-42FD-A5A6-F012681C15B1}
		{9704F1C3-04C0-47EE-A6E9-4C278D3C6F91} = {95D3FCDA-B5AD-42FD-A5A6-F012681C15B1}
		{851DB74E-3405-46A7-A453-6BA996A4ED22} = {95D3FCDA-B5AD-42FD-A5A6-F012681C15B1}
		{7640AA64-B141-4E62-A06D-1514F24D4922} = {95D3FCDA-B5AD-42FD-A5A6-F012681C15B1}
		{7DEA791A-95C8-43CA-8FD2-070EAA69D59D} = {D0A7C441-77E3-4F73-9BF2-D64CD3727A48}
		{54A8F00E-751D-4476-96D3-14AE42CA6570} = {D0A7C441-77E3-4F73-9BF2-D64CD3727A48}
		{FB08FD0D-9482-4399-BEE1-205F08E3AC47} = {D0A7C441-77E3-4F73-9BF2-D64CD3727A48}
		{4AA08C9D-1DCC-4464-BBC3-D5A19161A327} = {D0A7C441-77E3-4F73-9BF2-D64CD3727A48}
		{C6E58301-9D57-4C03-BDAC-4286EC4C8F4F} = {D0A7C441-77E3-4F73-9BF2-D64CD3727A48}
		{DAC7D002-E29E-486D-BD48-399977BDD021} = {D0A7C441-77E3-4F73-9BF2-D64CD3727A48}
		{834B8350-1CBF-4412-9066-8E1AE619F215} = {D0A7C441-77E3-4F73-9BF2-D64CD3727A48}
		{3DE7B9BE-CA81-40BC-957D-0E8D8243623C} = {60F25335-F91E-40D9-AAB5-AE52839C632F}
		{0F1E32B4-5FFB-4C9C-B472-5E23DB1E7E20} = {1B371B19-BA29-4678-8DC2-5A64A6E758BF}
	EndGlobalSection
EndGlobal
